
Microsoft Visual Studio Solution File, Format Version 12.00
# Visual Studio Version 17
VisualStudioVersion = 17.9.34701.34
MinimumVisualStudioVersion = 10.0.40219.1
Project("{2150E333-8FDC-42A3-9474-1A3956D46DE8}") = "Services", "Services", "{1476BF45-0021-4CD5-B91D-CB17534B9898}"
EndProject
Project("{2150E333-8FDC-42A3-9474-1A3956D46DE8}") = "Catalog", "Catalog", "{0B7F873D-518C-4CF9-AD9B-D5BA192618F6}"
EndProject
Project("{9A19103F-16F7-4668-BE54-9A1E7A4F7556}") = "Catalog.API", "Services\Catalog\Catalog.API\Catalog.API.csproj", "{39045314-7912-4168-81A6-F68B583593EA}"
EndProject
Project("{2150E333-8FDC-42A3-9474-1A3956D46DE8}") = "BuildingBlocks", "BuildingBlocks", "{12500C17-9E2B-4AE9-BA6B-E6568919B94B}"
EndProject
Project("{9A19103F-16F7-4668-BE54-9A1E7A4F7556}") = "BuildingBlocks", "BuildingBlocks\BuildingBlocks\BuildingBlocks.csproj", "{63C23EAE-74ED-4D40-B40A-6FA1D38FE517}"
EndProject
Project("{E53339B2-1760-4266-BCC7-CA923CBCF16C}") = "docker-compose", "docker-compose.dcproj", "{A76CB32D-B6C4-4D01-9DB2-B01BC498A1AF}"
EndProject
Project("{2150E333-8FDC-42A3-9474-1A3956D46DE8}") = "Basket", "Basket", "{CD791FC1-9CFE-4F1C-9279-4BF362767084}"
EndProject
Project("{9A19103F-16F7-4668-BE54-9A1E7A4F7556}") = "Basket.API", "Services\Basket\Basket.API\Basket.API.csproj", "{3EDE8CCA-190A-45FD-A060-954DBB54B4A4}"
EndProject
Project("{2150E333-8FDC-42A3-9474-1A3956D46DE8}") = "Discount", "Discount", "{CD4D80AD-5A6D-49B7-9E43-EF2A389B661D}"
EndProject
Project("{9A19103F-16F7-4668-BE54-9A1E7A4F7556}") = "Discount.gRPC", "Services\Discount\Discount.gRPC\Discount.gRPC.csproj", "{07C9AE41-5849-4F20-9664-5176794AF181}"
EndProject
Project("{2150E333-8FDC-42A3-9474-1A3956D46DE8}") = "Ordering", "Ordering", "{D5623796-2CD9-480A-85B8-9DAE39E05633}"
EndProject
Project("{9A19103F-16F7-4668-BE54-9A1E7A4F7556}") = "Ordering.API", "Services\Ordering\Ordering.API\Ordering.API.csproj", "{F57FDC94-1BF9-4BA4-B39D-C604C0929828}"
EndProject
Project("{9A19103F-16F7-4668-BE54-9A1E7A4F7556}") = "Ordering.Domain", "Services\Ordering\Ordering.Domain\Ordering.Domain.csproj", "{4D7AB3F5-6CAA-4F1E-AE2D-1DA3859704B1}"
EndProject
Project("{9A19103F-16F7-4668-BE54-9A1E7A4F7556}") = "Ordering.Application", "Services\Ordering\Ordering.Application\Ordering.Application.csproj", "{AF847659-0F97-49D7-85DD-A7DF535702C3}"
EndProject
Project("{9A19103F-16F7-4668-BE54-9A1E7A4F7556}") = "Ordering.Infrastructure", "Services\Ordering\Ordering.Infrastructure\Ordering.Infrastructure.csproj", "{724FCFEB-86F1-4130-AB11-F54D7D75BE61}"
EndProject
Project("{9A19103F-16F7-4668-BE54-9A1E7A4F7556}") = "BuildingBlocks.Messaging", "BuildingBlocks\BuildingBlocks.Messaging\BuildingBlocks.Messaging.csproj", "{62E1BFD2-FA95-4DF0-BC3E-CBEEF358E375}"
EndProject
Project("{2150E333-8FDC-42A3-9474-1A3956D46DE8}") = "ApiGateways", "ApiGateways", "{21FD99F0-F48E-4AA5-B2D9-80D1813BAC91}"
EndProject
Project("{9A19103F-16F7-4668-BE54-9A1E7A4F7556}") = "YarpApiGateway", "ApiGateways\YarpApiGateway\YarpApiGateway.csproj", "{5B96ADFD-F1E2-4EC0-B9E4-E06E703E2EF8}"
EndProject
Project("{2150E333-8FDC-42A3-9474-1A3956D46DE8}") = "WebApps", "WebApps", "{0AD15534-13EA-4074-BC03-211ED282E00E}"
EndProject
Project("{9A19103F-16F7-4668-BE54-9A1E7A4F7556}") = "Shopping.Web", "WebApps\Shopping.Web\Shopping.Web.csproj", "{F1627719-BB51-4D90-9CA8-D3D61D30E5F7}"
EndProject
Global
	GlobalSection(SolutionConfigurationPlatforms) = preSolution
		Debug|Any CPU = Debug|Any CPU
		Release|Any CPU = Release|Any CPU
	EndGlobalSection
	GlobalSection(ProjectConfigurationPlatforms) = postSolution
		{39045314-7912-4168-81A6-F68B583593EA}.Debug|Any CPU.ActiveCfg = Debug|Any CPU
		{39045314-7912-4168-81A6-F68B583593EA}.Debug|Any CPU.Build.0 = Debug|Any CPU
		{39045314-7912-4168-81A6-F68B583593EA}.Release|Any CPU.ActiveCfg = Release|Any CPU
		{39045314-7912-4168-81A6-F68B583593EA}.Release|Any CPU.Build.0 = Release|Any CPU
		{63C23EAE-74ED-4D40-B40A-6FA1D38FE517}.Debug|Any CPU.ActiveCfg = Debug|Any CPU
		{63C23EAE-74ED-4D40-B40A-6FA1D38FE517}.Debug|Any CPU.Build.0 = Debug|Any CPU
		{63C23EAE-74ED-4D40-B40A-6FA1D38FE517}.Release|Any CPU.ActiveCfg = Release|Any CPU
		{63C23EAE-74ED-4D40-B40A-6FA1D38FE517}.Release|Any CPU.Build.0 = Release|Any CPU
		{A76CB32D-B6C4-4D01-9DB2-B01BC498A1AF}.Debug|Any CPU.ActiveCfg = Debug|Any CPU
		{A76CB32D-B6C4-4D01-9DB2-B01BC498A1AF}.Debug|Any CPU.Build.0 = Debug|Any CPU
		{A76CB32D-B6C4-4D01-9DB2-B01BC498A1AF}.Release|Any CPU.ActiveCfg = Release|Any CPU
		{A76CB32D-B6C4-4D01-9DB2-B01BC498A1AF}.Release|Any CPU.Build.0 = Release|Any CPU
		{3EDE8CCA-190A-45FD-A060-954DBB54B4A4}.Debug|Any CPU.ActiveCfg = Debug|Any CPU
		{3EDE8CCA-190A-45FD-A060-954DBB54B4A4}.Debug|Any CPU.Build.0 = Debug|Any CPU
		{3EDE8CCA-190A-45FD-A060-954DBB54B4A4}.Release|Any CPU.ActiveCfg = Release|Any CPU
		{3EDE8CCA-190A-45FD-A060-954DBB54B4A4}.Release|Any CPU.Build.0 = Release|Any CPU
		{07C9AE41-5849-4F20-9664-5176794AF181}.Debug|Any CPU.ActiveCfg = Debug|Any CPU
		{07C9AE41-5849-4F20-9664-5176794AF181}.Debug|Any CPU.Build.0 = Debug|Any CPU
		{07C9AE41-5849-4F20-9664-5176794AF181}.Release|Any CPU.ActiveCfg = Release|Any CPU
		{07C9AE41-5849-4F20-9664-5176794AF181}.Release|Any CPU.Build.0 = Release|Any CPU
		{F57FDC94-1BF9-4BA4-B39D-C604C0929828}.Debug|Any CPU.ActiveCfg = Debug|Any CPU
		{F57FDC94-1BF9-4BA4-B39D-C604C0929828}.Debug|Any CPU.Build.0 = Debug|Any CPU
		{F57FDC94-1BF9-4BA4-B39D-C604C0929828}.Release|Any CPU.ActiveCfg = Release|Any CPU
		{F57FDC94-1BF9-4BA4-B39D-C604C0929828}.Release|Any CPU.Build.0 = Release|Any CPU
		{4D7AB3F5-6CAA-4F1E-AE2D-1DA3859704B1}.Debug|Any CPU.ActiveCfg = Debug|Any CPU
		{4D7AB3F5-6CAA-4F1E-AE2D-1DA3859704B1}.Debug|Any CPU.Build.0 = Debug|Any CPU
		{4D7AB3F5-6CAA-4F1E-AE2D-1DA3859704B1}.Release|Any CPU.ActiveCfg = Release|Any CPU
		{4D7AB3F5-6CAA-4F1E-AE2D-1DA3859704B1}.Release|Any CPU.Build.0 = Release|Any CPU
		{AF847659-0F97-49D7-85DD-A7DF535702C3}.Debug|Any CPU.ActiveCfg = Debug|Any CPU
		{AF847659-0F97-49D7-85DD-A7DF535702C3}.Debug|Any CPU.Build.0 = Debug|Any CPU
		{AF847659-0F97-49D7-85DD-A7DF535702C3}.Release|Any CPU.ActiveCfg = Release|Any CPU
		{AF847659-0F97-49D7-85DD-A7DF535702C3}.Release|Any CPU.Build.0 = Release|Any CPU
		{724FCFEB-86F1-4130-AB11-F54D7D75BE61}.Debug|Any CPU.ActiveCfg = Debug|Any CPU
		{724FCFEB-86F1-4130-AB11-F54D7D75BE61}.Debug|Any CPU.Build.0 = Debug|Any CPU
		{724FCFEB-86F1-4130-AB11-F54D7D75BE61}.Release|Any CPU.ActiveCfg = Release|Any CPU
		{724FCFEB-86F1-4130-AB11-F54D7D75BE61}.Release|Any CPU.Build.0 = Release|Any CPU
		{62E1BFD2-FA95-4DF0-BC3E-CBEEF358E375}.Debug|Any CPU.ActiveCfg = Debug|Any CPU
		{62E1BFD2-FA95-4DF0-BC3E-CBEEF358E375}.Debug|Any CPU.Build.0 = Debug|Any CPU
		{62E1BFD2-FA95-4DF0-BC3E-CBEEF358E375}.Release|Any CPU.ActiveCfg = Release|Any CPU
		{62E1BFD2-FA95-4DF0-BC3E-CBEEF358E375}.Release|Any CPU.Build.0 = Release|Any CPU
		{5B96ADFD-F1E2-4EC0-B9E4-E06E703E2EF8}.Debug|Any CPU.ActiveCfg = Debug|Any CPU
		{5B96ADFD-F1E2-4EC0-B9E4-E06E703E2EF8}.Debug|Any CPU.Build.0 = Debug|Any CPU
		{5B96ADFD-F1E2-4EC0-B9E4-E06E703E2EF8}.Release|Any CPU.ActiveCfg = Release|Any CPU
		{5B96ADFD-F1E2-4EC0-B9E4-E06E703E2EF8}.Release|Any CPU.Build.0 = Release|Any CPU
		{F1627719-BB51-4D90-9CA8-D3D61D30E5F7}.Debug|Any CPU.ActiveCfg = Debug|Any CPU
		{F1627719-BB51-4D90-9CA8-D3D61D30E5F7}.Debug|Any CPU.Build.0 = Debug|Any CPU
		{F1627719-BB51-4D90-9CA8-D3D61D30E5F7}.Release|Any CPU.ActiveCfg = Release|Any CPU
		{F1627719-BB51-4D90-9CA8-D3D61D30E5F7}.Release|Any CPU.Build.0 = Release|Any CPU
	EndGlobalSection
	GlobalSection(SolutionProperties) = preSolution
		HideSolutionNode = FALSE
	EndGlobalSection
	GlobalSection(NestedProjects) = preSolution
		{0B7F873D-518C-4CF9-AD9B-D5BA192618F6} = {1476BF45-0021-4CD5-B91D-CB17534B9898}
		{39045314-7912-4168-81A6-F68B583593EA} = {0B7F873D-518C-4CF9-AD9B-D5BA192618F6}
		{63C23EAE-74ED-4D40-B40A-6FA1D38FE517} = {12500C17-9E2B-4AE9-BA6B-E6568919B94B}
		{CD791FC1-9CFE-4F1C-9279-4BF362767084} = {1476BF45-0021-4CD5-B91D-CB17534B9898}
		{3EDE8CCA-190A-45FD-A060-954DBB54B4A4} = {CD791FC1-9CFE-4F1C-9279-4BF362767084}
		{CD4D80AD-5A6D-49B7-9E43-EF2A389B661D} = {1476BF45-0021-4CD5-B91D-CB17534B9898}
		{07C9AE41-5849-4F20-9664-5176794AF181} = {CD4D80AD-5A6D-49B7-9E43-EF2A389B661D}
		{D5623796-2CD9-480A-85B8-9DAE39E05633} = {1476BF45-0021-4CD5-B91D-CB17534B9898}
		{F57FDC94-1BF9-4BA4-B39D-C604C0929828} = {D5623796-2CD9-480A-85B8-9DAE39E05633}
		{4D7AB3F5-6CAA-4F1E-AE2D-1DA3859704B1} = {D5623796-2CD9-480A-85B8-9DAE39E05633}
		{AF847659-0F97-49D7-85DD-A7DF535702C3} = {D5623796-2CD9-480A-85B8-9DAE39E05633}
		{724FCFEB-86F1-4130-AB11-F54D7D75BE61} = {D5623796-2CD9-480A-85B8-9DAE39E05633}
		{62E1BFD2-FA95-4DF0-BC3E-CBEEF358E375} = {12500C17-9E2B-4AE9-BA6B-E6568919B94B}
		{5B96ADFD-F1E2-4EC0-B9E4-E06E703E2EF8} = {21FD99F0-F48E-4AA5-B2D9-80D1813BAC91}
		{F1627719-BB51-4D90-9CA8-D3D61D30E5F7} = {0AD15534-13EA-4074-BC03-211ED282E00E}
	EndGlobalSection
	GlobalSection(ExtensibilityGlobals) = postSolution
		SolutionGuid = {AC41E63D-96EE-4F63-B2B5-13C761F82757}
	EndGlobalSection
EndGlobal
